
Microsoft Visual Studio Solution File, Format Version 12.00
# Visual Studio Version 16
VisualStudioVersion = 16.0.31019.35
MinimumVisualStudioVersion = 10.0.40219.1
Project("{9A19103F-16F7-4668-BE54-9A1E7A4F7556}") = "P01_StudentSystem", "P01_StudentSystem\P01_StudentSystem.csproj", "{58F2B42A-FB39-4A7B-BBA3-B02A37543B80}"
EndProject
Project("{9A19103F-16F7-4668-BE54-9A1E7A4F7556}") = "P03_FootballBetting", "P03_FootballBetting\P03_FootballBetting.csproj", "{F9B2B171-EE70-49B0-9B2E-414F63E01D92}"
EndProject
Project("{9A19103F-16F7-4668-BE54-9A1E7A4F7556}") = "P01_HospitalDatabase", "P01_HospitalDatabase\P01_HospitalDatabase.csproj", "{59C43543-4182-44C1-ABCE-582870E67202}"
EndProject
Project("{FAE04EC0-301F-11D3-BF4B-00C04F79EFBC}") = "P03_SalesDatabase", "03.SalesDataBase\P03_SalesDatabase.csproj", "{66118E94-A854-420B-AB7F-13406B1A5AF0}"
EndProject
Global
	GlobalSection(SolutionConfigurationPlatforms) = preSolution
		Debug|Any CPU = Debug|Any CPU
		Release|Any CPU = Release|Any CPU
	EndGlobalSection
	GlobalSection(ProjectConfigurationPlatforms) = postSolution
		{58F2B42A-FB39-4A7B-BBA3-B02A37543B80}.Debug|Any CPU.ActiveCfg = Debug|Any CPU
		{58F2B42A-FB39-4A7B-BBA3-B02A37543B80}.Debug|Any CPU.Build.0 = Debug|Any CPU
		{58F2B42A-FB39-4A7B-BBA3-B02A37543B80}.Release|Any CPU.ActiveCfg = Release|Any CPU
		{58F2B42A-FB39-4A7B-BBA3-B02A37543B80}.Release|Any CPU.Build.0 = Release|Any CPU
		{F9B2B171-EE70-49B0-9B2E-414F63E01D92}.Debug|Any CPU.ActiveCfg = Debug|Any CPU
		{F9B2B171-EE70-49B0-9B2E-414F63E01D92}.Debug|Any CPU.Build.0 = Debug|Any CPU
		{F9B2B171-EE70-49B0-9B2E-414F63E01D92}.Release|Any CPU.ActiveCfg = Release|Any CPU
		{F9B2B171-EE70-49B0-9B2E-414F63E01D92}.Release|Any CPU.Build.0 = Release|Any CPU
		{59C43543-4182-44C1-ABCE-582870E67202}.Debug|Any CPU.ActiveCfg = Debug|Any CPU
		{59C43543-4182-44C1-ABCE-582870E67202}.Debug|Any CPU.Build.0 = Debug|Any CPU
		{59C43543-4182-44C1-ABCE-582870E67202}.Release|Any CPU.ActiveCfg = Release|Any CPU
		{59C43543-4182-44C1-ABCE-582870E67202}.Release|Any CPU.Build.0 = Release|Any CPU
		{66118E94-A854-420B-AB7F-13406B1A5AF0}.Debug|Any CPU.ActiveCfg = Debug|Any CPU
		{66118E94-A854-420B-AB7F-13406B1A5AF0}.Debug|Any CPU.Build.0 = Debug|Any CPU
		{66118E94-A854-420B-AB7F-13406B1A5AF0}.Release|Any CPU.ActiveCfg = Release|Any CPU
		{66118E94-A854-420B-AB7F-13406B1A5AF0}.Release|Any CPU.Build.0 = Release|Any CPU
	EndGlobalSection
	GlobalSection(SolutionProperties) = preSolution
		HideSolutionNode = FALSE
	EndGlobalSection
	GlobalSection(ExtensibilityGlobals) = postSolution
		SolutionGuid = {FAE2ED04-2F9D-4504-A18B-EE09103FBE9B}
	EndGlobalSection
EndGlobal
