
Microsoft Visual Studio Solution File, Format Version 12.00
# Visual Studio Version 16
VisualStudioVersion = 16.0.31005.135
MinimumVisualStudioVersion = 10.0.40219.1
Project("{9A19103F-16F7-4668-BE54-9A1E7A4F7556}") = "01.Initial Setup", "01.Initial Setup\01.Initial Setup.csproj", "{EF0F3280-A384-4167-BC16-6BC1A7ACC08C}"
EndProject
Project("{9A19103F-16F7-4668-BE54-9A1E7A4F7556}") = "1.Villain Names", "1.Villain Names\1.Villain Names.csproj", "{72EBBC0E-68DB-4AF2-AC73-82CDE674D0AC}"
EndProject
Project("{9A19103F-16F7-4668-BE54-9A1E7A4F7556}") = "3.Minion Names", "3.Minion Names\3.Minion Names.csproj", "{A4E8E756-667A-48A6-8C6E-EA67D98CBC20}"
EndProject
Project("{9A19103F-16F7-4668-BE54-9A1E7A4F7556}") = "4. Add Minion", "4. Add Minion\4. Add Minion.csproj", "{4F9086E4-E85C-4774-8C62-4007387409B9}"
EndProject
Project("{FAE04EC0-301F-11D3-BF4B-00C04F79EFBC}") = "5. Change Town Names Casing", "5. Change Town Names Casing\5. Change Town Names Casing.csproj", "{B16F55F1-E205-4071-91EF-32A18567E0B8}"
EndProject
Global
	GlobalSection(SolutionConfigurationPlatforms) = preSolution
		Debug|Any CPU = Debug|Any CPU
		Release|Any CPU = Release|Any CPU
	EndGlobalSection
	GlobalSection(ProjectConfigurationPlatforms) = postSolution
		{EF0F3280-A384-4167-BC16-6BC1A7ACC08C}.Debug|Any CPU.ActiveCfg = Debug|Any CPU
		{EF0F3280-A384-4167-BC16-6BC1A7ACC08C}.Debug|Any CPU.Build.0 = Debug|Any CPU
		{EF0F3280-A384-4167-BC16-6BC1A7ACC08C}.Release|Any CPU.ActiveCfg = Release|Any CPU
		{EF0F3280-A384-4167-BC16-6BC1A7ACC08C}.Release|Any CPU.Build.0 = Release|Any CPU
		{72EBBC0E-68DB-4AF2-AC73-82CDE674D0AC}.Debug|Any CPU.ActiveCfg = Debug|Any CPU
		{72EBBC0E-68DB-4AF2-AC73-82CDE674D0AC}.Debug|Any CPU.Build.0 = Debug|Any CPU
		{72EBBC0E-68DB-4AF2-AC73-82CDE674D0AC}.Release|Any CPU.ActiveCfg = Release|Any CPU
		{72EBBC0E-68DB-4AF2-AC73-82CDE674D0AC}.Release|Any CPU.Build.0 = Release|Any CPU
		{A4E8E756-667A-48A6-8C6E-EA67D98CBC20}.Debug|Any CPU.ActiveCfg = Debug|Any CPU
		{A4E8E756-667A-48A6-8C6E-EA67D98CBC20}.Debug|Any CPU.Build.0 = Debug|Any CPU
		{A4E8E756-667A-48A6-8C6E-EA67D98CBC20}.Release|Any CPU.ActiveCfg = Release|Any CPU
		{A4E8E756-667A-48A6-8C6E-EA67D98CBC20}.Release|Any CPU.Build.0 = Release|Any CPU
		{4F9086E4-E85C-4774-8C62-4007387409B9}.Debug|Any CPU.ActiveCfg = Debug|Any CPU
		{4F9086E4-E85C-4774-8C62-4007387409B9}.Debug|Any CPU.Build.0 = Debug|Any CPU
		{4F9086E4-E85C-4774-8C62-4007387409B9}.Release|Any CPU.ActiveCfg = Release|Any CPU
		{4F9086E4-E85C-4774-8C62-4007387409B9}.Release|Any CPU.Build.0 = Release|Any CPU
		{B16F55F1-E205-4071-91EF-32A18567E0B8}.Debug|Any CPU.ActiveCfg = Debug|Any CPU
		{B16F55F1-E205-4071-91EF-32A18567E0B8}.Debug|Any CPU.Build.0 = Debug|Any CPU
		{B16F55F1-E205-4071-91EF-32A18567E0B8}.Release|Any CPU.ActiveCfg = Release|Any CPU
		{B16F55F1-E205-4071-91EF-32A18567E0B8}.Release|Any CPU.Build.0 = Release|Any CPU
	EndGlobalSection
	GlobalSection(SolutionProperties) = preSolution
		HideSolutionNode = FALSE
	EndGlobalSection
	GlobalSection(ExtensibilityGlobals) = postSolution
		SolutionGuid = {E0E9DEFE-BABB-4307-BDF1-3944C3F68297}
	EndGlobalSection
EndGlobal
