
Microsoft Visual Studio Solution File, Format Version 12.00
# Visual Studio Version 16
VisualStudioVersion = 16.0.31019.35
MinimumVisualStudioVersion = 10.0.40219.1
Project("{FAE04EC0-301F-11D3-BF4B-00C04F79EFBC}") = "RealEstates.Data", "RealEstates.Data\RealEstates.Data.csproj", "{FAAD416A-7F37-4C6C-A65F-390D4935549F}"
EndProject
Project("{FAE04EC0-301F-11D3-BF4B-00C04F79EFBC}") = "RealEstates.Models", "RealEstates.Models\RealEstates.Models.csproj", "{DD0854C1-227E-4C73-B61B-4A7D8BD9E301}"
EndProject
Project("{FAE04EC0-301F-11D3-BF4B-00C04F79EFBC}") = "RealEstates.Services", "RealEstates.Services\RealEstates.Services.csproj", "{762D3E2B-A84A-4416-B1FB-8042BC20518A}"
EndProject
Project("{FAE04EC0-301F-11D3-BF4B-00C04F79EFBC}") = "RealEstates.Importer", "RealEstates.Importer\RealEstates.Importer.csproj", "{ABE508E9-F49A-49DE-B675-56D589118FFE}"
EndProject
Project("{FAE04EC0-301F-11D3-BF4B-00C04F79EFBC}") = "RealEstates.ConsoleApplication", "RealEstates.ConsoleApplication\RealEstates.ConsoleApplication.csproj", "{927CEBC6-BD94-4FCB-8146-DF7807AA4CE2}"
EndProject
Global
	GlobalSection(SolutionConfigurationPlatforms) = preSolution
		Debug|Any CPU = Debug|Any CPU
		Release|Any CPU = Release|Any CPU
	EndGlobalSection
	GlobalSection(ProjectConfigurationPlatforms) = postSolution
		{FAAD416A-7F37-4C6C-A65F-390D4935549F}.Debug|Any CPU.ActiveCfg = Debug|Any CPU
		{FAAD416A-7F37-4C6C-A65F-390D4935549F}.Debug|Any CPU.Build.0 = Debug|Any CPU
		{FAAD416A-7F37-4C6C-A65F-390D4935549F}.Release|Any CPU.ActiveCfg = Release|Any CPU
		{FAAD416A-7F37-4C6C-A65F-390D4935549F}.Release|Any CPU.Build.0 = Release|Any CPU
		{DD0854C1-227E-4C73-B61B-4A7D8BD9E301}.Debug|Any CPU.ActiveCfg = Debug|Any CPU
		{DD0854C1-227E-4C73-B61B-4A7D8BD9E301}.Debug|Any CPU.Build.0 = Debug|Any CPU
		{DD0854C1-227E-4C73-B61B-4A7D8BD9E301}.Release|Any CPU.ActiveCfg = Release|Any CPU
		{DD0854C1-227E-4C73-B61B-4A7D8BD9E301}.Release|Any CPU.Build.0 = Release|Any CPU
		{762D3E2B-A84A-4416-B1FB-8042BC20518A}.Debug|Any CPU.ActiveCfg = Debug|Any CPU
		{762D3E2B-A84A-4416-B1FB-8042BC20518A}.Debug|Any CPU.Build.0 = Debug|Any CPU
		{762D3E2B-A84A-4416-B1FB-8042BC20518A}.Release|Any CPU.ActiveCfg = Release|Any CPU
		{762D3E2B-A84A-4416-B1FB-8042BC20518A}.Release|Any CPU.Build.0 = Release|Any CPU
		{ABE508E9-F49A-49DE-B675-56D589118FFE}.Debug|Any CPU.ActiveCfg = Debug|Any CPU
		{ABE508E9-F49A-49DE-B675-56D589118FFE}.Debug|Any CPU.Build.0 = Debug|Any CPU
		{ABE508E9-F49A-49DE-B675-56D589118FFE}.Release|Any CPU.ActiveCfg = Release|Any CPU
		{ABE508E9-F49A-49DE-B675-56D589118FFE}.Release|Any CPU.Build.0 = Release|Any CPU
		{927CEBC6-BD94-4FCB-8146-DF7807AA4CE2}.Debug|Any CPU.ActiveCfg = Debug|Any CPU
		{927CEBC6-BD94-4FCB-8146-DF7807AA4CE2}.Debug|Any CPU.Build.0 = Debug|Any CPU
		{927CEBC6-BD94-4FCB-8146-DF7807AA4CE2}.Release|Any CPU.ActiveCfg = Release|Any CPU
		{927CEBC6-BD94-4FCB-8146-DF7807AA4CE2}.Release|Any CPU.Build.0 = Release|Any CPU
	EndGlobalSection
	GlobalSection(SolutionProperties) = preSolution
		HideSolutionNode = FALSE
	EndGlobalSection
	GlobalSection(ExtensibilityGlobals) = postSolution
		SolutionGuid = {91620F2F-0D90-419D-BA7F-F36C938A6D9A}
	EndGlobalSection
EndGlobal
