
Microsoft Visual Studio Solution File, Format Version 12.00
# Visual Studio Version 16
VisualStudioVersion = 16.0.31005.135
MinimumVisualStudioVersion = 10.0.40219.1
Project("{9A19103F-16F7-4668-BE54-9A1E7A4F7556}") = "01.Initial Setup", "01.Initial Setup\01.Initial Setup.csproj", "{EF0F3280-A384-4167-BC16-6BC1A7ACC08C}"
EndProject
Project("{9A19103F-16F7-4668-BE54-9A1E7A4F7556}") = "02.Villain Names", "02.Villain Names\02.Villain Names.csproj", "{9790A7B9-B1EB-4186-A4DF-C8DE732C85C2}"
EndProject
Project("{9A19103F-16F7-4668-BE54-9A1E7A4F7556}") = "03.Minion Names", "03.Minion Names\03.Minion Names.csproj", "{0888DB64-431D-4260-93BF-D2C73085E039}"
EndProject
Project("{9A19103F-16F7-4668-BE54-9A1E7A4F7556}") = "04.Add Minion", "04.Add Minion\04.Add Minion.csproj", "{ECD5B8A9-E0CA-43C2-9351-94658225ACA7}"
EndProject
Project("{9A19103F-16F7-4668-BE54-9A1E7A4F7556}") = "05.Change Town Names Casing", "05.Change Town Names Casing\05.Change Town Names Casing.csproj", "{0EEA1A4B-070B-4051-8C62-F4C4D11C79B6}"
EndProject
Project("{9A19103F-16F7-4668-BE54-9A1E7A4F7556}") = "06.Remove Villain", "06.Remove Villain\06.Remove Villain.csproj", "{B521F877-0A2D-4A61-AEA2-A4B6CDBEED40}"
EndProject
Project("{9A19103F-16F7-4668-BE54-9A1E7A4F7556}") = "07.Print All Minion Names", "07.Print All Minion Names\07.Print All Minion Names.csproj", "{71B1399C-F555-42F3-B0CF-9BD4DF089EFB}"
EndProject
Project("{9A19103F-16F7-4668-BE54-9A1E7A4F7556}") = "08.Increase Minion Age", "08.Increase Minion Age\08.Increase Minion Age.csproj", "{5AE09F98-AC95-4DEF-A612-543D513EEEDF}"
EndProject
Project("{9A19103F-16F7-4668-BE54-9A1E7A4F7556}") = "09.Increase Age Stored Procedure", "09.Increase Age Stored Procedure\09.Increase Age Stored Procedure.csproj", "{0D4482D1-8607-4641-B3DE-D8970630FE04}"
EndProject
Global
	GlobalSection(SolutionConfigurationPlatforms) = preSolution
		Debug|Any CPU = Debug|Any CPU
		Release|Any CPU = Release|Any CPU
	EndGlobalSection
	GlobalSection(ProjectConfigurationPlatforms) = postSolution
		{EF0F3280-A384-4167-BC16-6BC1A7ACC08C}.Debug|Any CPU.ActiveCfg = Debug|Any CPU
		{EF0F3280-A384-4167-BC16-6BC1A7ACC08C}.Debug|Any CPU.Build.0 = Debug|Any CPU
		{EF0F3280-A384-4167-BC16-6BC1A7ACC08C}.Release|Any CPU.ActiveCfg = Release|Any CPU
		{EF0F3280-A384-4167-BC16-6BC1A7ACC08C}.Release|Any CPU.Build.0 = Release|Any CPU
		{9790A7B9-B1EB-4186-A4DF-C8DE732C85C2}.Debug|Any CPU.ActiveCfg = Debug|Any CPU
		{9790A7B9-B1EB-4186-A4DF-C8DE732C85C2}.Debug|Any CPU.Build.0 = Debug|Any CPU
		{9790A7B9-B1EB-4186-A4DF-C8DE732C85C2}.Release|Any CPU.ActiveCfg = Release|Any CPU
		{9790A7B9-B1EB-4186-A4DF-C8DE732C85C2}.Release|Any CPU.Build.0 = Release|Any CPU
		{0888DB64-431D-4260-93BF-D2C73085E039}.Debug|Any CPU.ActiveCfg = Debug|Any CPU
		{0888DB64-431D-4260-93BF-D2C73085E039}.Debug|Any CPU.Build.0 = Debug|Any CPU
		{0888DB64-431D-4260-93BF-D2C73085E039}.Release|Any CPU.ActiveCfg = Release|Any CPU
		{0888DB64-431D-4260-93BF-D2C73085E039}.Release|Any CPU.Build.0 = Release|Any CPU
		{ECD5B8A9-E0CA-43C2-9351-94658225ACA7}.Debug|Any CPU.ActiveCfg = Debug|Any CPU
		{ECD5B8A9-E0CA-43C2-9351-94658225ACA7}.Debug|Any CPU.Build.0 = Debug|Any CPU
		{ECD5B8A9-E0CA-43C2-9351-94658225ACA7}.Release|Any CPU.ActiveCfg = Release|Any CPU
		{ECD5B8A9-E0CA-43C2-9351-94658225ACA7}.Release|Any CPU.Build.0 = Release|Any CPU
		{0EEA1A4B-070B-4051-8C62-F4C4D11C79B6}.Debug|Any CPU.ActiveCfg = Debug|Any CPU
		{0EEA1A4B-070B-4051-8C62-F4C4D11C79B6}.Debug|Any CPU.Build.0 = Debug|Any CPU
		{0EEA1A4B-070B-4051-8C62-F4C4D11C79B6}.Release|Any CPU.ActiveCfg = Release|Any CPU
		{0EEA1A4B-070B-4051-8C62-F4C4D11C79B6}.Release|Any CPU.Build.0 = Release|Any CPU
		{B521F877-0A2D-4A61-AEA2-A4B6CDBEED40}.Debug|Any CPU.ActiveCfg = Debug|Any CPU
		{B521F877-0A2D-4A61-AEA2-A4B6CDBEED40}.Debug|Any CPU.Build.0 = Debug|Any CPU
		{B521F877-0A2D-4A61-AEA2-A4B6CDBEED40}.Release|Any CPU.ActiveCfg = Release|Any CPU
		{B521F877-0A2D-4A61-AEA2-A4B6CDBEED40}.Release|Any CPU.Build.0 = Release|Any CPU
		{71B1399C-F555-42F3-B0CF-9BD4DF089EFB}.Debug|Any CPU.ActiveCfg = Debug|Any CPU
		{71B1399C-F555-42F3-B0CF-9BD4DF089EFB}.Debug|Any CPU.Build.0 = Debug|Any CPU
		{71B1399C-F555-42F3-B0CF-9BD4DF089EFB}.Release|Any CPU.ActiveCfg = Release|Any CPU
		{71B1399C-F555-42F3-B0CF-9BD4DF089EFB}.Release|Any CPU.Build.0 = Release|Any CPU
		{5AE09F98-AC95-4DEF-A612-543D513EEEDF}.Debug|Any CPU.ActiveCfg = Debug|Any CPU
		{5AE09F98-AC95-4DEF-A612-543D513EEEDF}.Debug|Any CPU.Build.0 = Debug|Any CPU
		{5AE09F98-AC95-4DEF-A612-543D513EEEDF}.Release|Any CPU.ActiveCfg = Release|Any CPU
		{5AE09F98-AC95-4DEF-A612-543D513EEEDF}.Release|Any CPU.Build.0 = Release|Any CPU
		{0D4482D1-8607-4641-B3DE-D8970630FE04}.Debug|Any CPU.ActiveCfg = Debug|Any CPU
		{0D4482D1-8607-4641-B3DE-D8970630FE04}.Debug|Any CPU.Build.0 = Debug|Any CPU
		{0D4482D1-8607-4641-B3DE-D8970630FE04}.Release|Any CPU.ActiveCfg = Release|Any CPU
		{0D4482D1-8607-4641-B3DE-D8970630FE04}.Release|Any CPU.Build.0 = Release|Any CPU
	EndGlobalSection
	GlobalSection(SolutionProperties) = preSolution
		HideSolutionNode = FALSE
	EndGlobalSection
	GlobalSection(ExtensibilityGlobals) = postSolution
		SolutionGuid = {E0E9DEFE-BABB-4307-BDF1-3944C3F68297}
	EndGlobalSection
EndGlobal
