
Microsoft Visual Studio Solution File, Format Version 12.00
# Visual Studio Version 16
VisualStudioVersion = 16.0.31005.135
MinimumVisualStudioVersion = 10.0.40219.1
Project("{9A19103F-16F7-4668-BE54-9A1E7A4F7556}") = "EntityFrameworkCore", "EntityFrameworkCore\EntityFrameworkCore.csproj", "{5FBB842E-BDF8-4E5C-9220-F9B7B259280D}"
EndProject
Project("{FAE04EC0-301F-11D3-BF4B-00C04F79EFBC}") = "SoftUni", "SoftUni\SoftUni.csproj", "{0059CAF9-E842-41FF-842A-9CE8902171BF}"
EndProject
Global
	GlobalSection(SolutionConfigurationPlatforms) = preSolution
		Debug|Any CPU = Debug|Any CPU
		Release|Any CPU = Release|Any CPU
	EndGlobalSection
	GlobalSection(ProjectConfigurationPlatforms) = postSolution
		{5FBB842E-BDF8-4E5C-9220-F9B7B259280D}.Debug|Any CPU.ActiveCfg = Debug|Any CPU
		{5FBB842E-BDF8-4E5C-9220-F9B7B259280D}.Debug|Any CPU.Build.0 = Debug|Any CPU
		{5FBB842E-BDF8-4E5C-9220-F9B7B259280D}.Release|Any CPU.ActiveCfg = Release|Any CPU
		{5FBB842E-BDF8-4E5C-9220-F9B7B259280D}.Release|Any CPU.Build.0 = Release|Any CPU
		{0059CAF9-E842-41FF-842A-9CE8902171BF}.Debug|Any CPU.ActiveCfg = Debug|Any CPU
		{0059CAF9-E842-41FF-842A-9CE8902171BF}.Debug|Any CPU.Build.0 = Debug|Any CPU
		{0059CAF9-E842-41FF-842A-9CE8902171BF}.Release|Any CPU.ActiveCfg = Release|Any CPU
		{0059CAF9-E842-41FF-842A-9CE8902171BF}.Release|Any CPU.Build.0 = Release|Any CPU
	EndGlobalSection
	GlobalSection(SolutionProperties) = preSolution
		HideSolutionNode = FALSE
	EndGlobalSection
	GlobalSection(ExtensibilityGlobals) = postSolution
		SolutionGuid = {C94C513E-9DD5-4163-ACE5-5DCA158801F3}
	EndGlobalSection
EndGlobal
